
Microsoft Visual Studio Solution File, Format Version 12.00
# Visual Studio 14
VisualStudioVersion = 14.0.23107.0
MinimumVisualStudioVersion = 10.0.40219.1
Project("{2150E333-8FDC-42A3-9474-1A3956D46DE8}") = "04_Presentation Layer", "04_Presentation Layer", "{BDFAB990-0C1E-402B-B869-111E97670103}"
EndProject
Project("{2150E333-8FDC-42A3-9474-1A3956D46DE8}") = "03_Business_Layer", "03_Business_Layer", "{525158B7-6809-456D-897E-4F79FF2E1DD5}"
EndProject
Project("{2150E333-8FDC-42A3-9474-1A3956D46DE8}") = "02_Data_Access_Layer", "02_Data_Access_Layer", "{270E3749-6A5E-44DF-9D7D-8C793B0E7D81}"
EndProject
Project("{2150E333-8FDC-42A3-9474-1A3956D46DE8}") = "00_Infrastructure", "00_Infrastructure", "{68787B5B-4D00-4854-BE13-965E9E77CB73}"
EndProject
Project("{2150E333-8FDC-42A3-9474-1A3956D46DE8}") = "05_Tests", "05_Tests", "{4C51B713-6FC1-4F7B-A250-06C5844B97CA}"
EndProject
Project("{2150E333-8FDC-42A3-9474-1A3956D46DE8}") = "01_Database", "01_Database", "{9829D8DB-82AD-4FC5-9779-C0F520239461}"
EndProject
Project("{FAE04EC0-301F-11D3-BF4B-00C04F79EFBC}") = "Smart.IC.Timing", "modules\Smart.IC.Timing\Smart.IC.Timing.csproj", "{C4B5700E-31AF-4402-8182-847BF3738027}"
EndProject
Project("{00D1A9C2-B5F0-4AF3-8072-F6C62B433612}") = "Smart.Database", "modules\Smart.Database\Smart.Database.sqlproj", "{0EEA6428-8071-4DBF-A9A9-4E57E7B3CF54}"
EndProject
Project("{FAE04EC0-301F-11D3-BF4B-00C04F79EFBC}") = "Smart.DAL.Entities", "modules\Smart.DAL.Entities\Smart.DAL.Entities.csproj", "{9A29ABC8-1BAA-4B35-BAC4-46B52EC91E86}"
EndProject
Project("{FAE04EC0-301F-11D3-BF4B-00C04F79EFBC}") = "Smart.BL.Entities", "modules\Smart.BL.Entities\Smart.BL.Entities.csproj", "{A7EC539A-404B-4733-8142-5C4749A25E6B}"
EndProject
Project("{FAE04EC0-301F-11D3-BF4B-00C04F79EFBC}") = "Smart.BL.Services", "modules\Smart.BL.Services\Smart.BL.Services.csproj", "{55C1D43F-637A-418D-95E2-A0A5ACB9774D}"
EndProject
Project("{FAE04EC0-301F-11D3-BF4B-00C04F79EFBC}") = "Smart.PL.WebUI", "modules\Smart.PL.WebUI\Smart.PL.WebUI.csproj", "{C4ED4F8A-14F8-4C0D-980E-59BCF3A78C8F}"
EndProject
Project("{FAE04EC0-301F-11D3-BF4B-00C04F79EFBC}") = "Smart.PL.WebUI.Frontend", "modules\Smart.PL.WebUI.Frontend\Smart.PL.WebUI.Frontend.csproj", "{5F0F68E8-2945-4216-A067-25788083DB54}"
EndProject
Project("{FAE04EC0-301F-11D3-BF4B-00C04F79EFBC}") = "Smart.BL.Services.Test", "tests\Smart.BL.Services.Test\Smart.BL.Services.Test.csproj", "{90559C85-16A2-4144-BE3F-873AA0548399}"
EndProject
Project("{FAE04EC0-301F-11D3-BF4B-00C04F79EFBC}") = "Smart.PL.WebUI.Frontend.Test", "tests\Smart.PL.WebUI.Frontend.Test\Smart.PL.WebUI.Frontend.Test.csproj", "{4BF2F054-7690-4605-8EE4-4BAC8C692DF0}"
EndProject
Project("{FAE04EC0-301F-11D3-BF4B-00C04F79EFBC}") = "Smart.DAL.ContentStorage", "modules\Smart.DAL.ContentStorage\Smart.DAL.ContentStorage.csproj", "{471C55F5-C659-4DD2-9FF1-61A37099B305}"
EndProject
Global
	GlobalSection(SolutionConfigurationPlatforms) = preSolution
		Beta|Any CPU = Beta|Any CPU
		Debug|Any CPU = Debug|Any CPU
		Local|Any CPU = Local|Any CPU
		Production|Any CPU = Production|Any CPU
		Regression|Any CPU = Regression|Any CPU
		Release|Any CPU = Release|Any CPU
		Test|Any CPU = Test|Any CPU
	EndGlobalSection
	GlobalSection(ProjectConfigurationPlatforms) = postSolution
		{C4B5700E-31AF-4402-8182-847BF3738027}.Beta|Any CPU.ActiveCfg = Beta|Any CPU
		{C4B5700E-31AF-4402-8182-847BF3738027}.Beta|Any CPU.Build.0 = Beta|Any CPU
		{C4B5700E-31AF-4402-8182-847BF3738027}.Debug|Any CPU.ActiveCfg = Debug|Any CPU
		{C4B5700E-31AF-4402-8182-847BF3738027}.Debug|Any CPU.Build.0 = Debug|Any CPU
		{C4B5700E-31AF-4402-8182-847BF3738027}.Local|Any CPU.ActiveCfg = Local|Any CPU
		{C4B5700E-31AF-4402-8182-847BF3738027}.Local|Any CPU.Build.0 = Local|Any CPU
		{C4B5700E-31AF-4402-8182-847BF3738027}.Production|Any CPU.ActiveCfg = Production|Any CPU
		{C4B5700E-31AF-4402-8182-847BF3738027}.Production|Any CPU.Build.0 = Production|Any CPU
		{C4B5700E-31AF-4402-8182-847BF3738027}.Regression|Any CPU.ActiveCfg = Regression|Any CPU
		{C4B5700E-31AF-4402-8182-847BF3738027}.Regression|Any CPU.Build.0 = Regression|Any CPU
		{C4B5700E-31AF-4402-8182-847BF3738027}.Release|Any CPU.ActiveCfg = Release|Any CPU
		{C4B5700E-31AF-4402-8182-847BF3738027}.Release|Any CPU.Build.0 = Release|Any CPU
		{C4B5700E-31AF-4402-8182-847BF3738027}.Test|Any CPU.ActiveCfg = Test|Any CPU
		{C4B5700E-31AF-4402-8182-847BF3738027}.Test|Any CPU.Build.0 = Test|Any CPU
		{0EEA6428-8071-4DBF-A9A9-4E57E7B3CF54}.Beta|Any CPU.ActiveCfg = Debug|Any CPU
		{0EEA6428-8071-4DBF-A9A9-4E57E7B3CF54}.Beta|Any CPU.Build.0 = Debug|Any CPU
		{0EEA6428-8071-4DBF-A9A9-4E57E7B3CF54}.Beta|Any CPU.Deploy.0 = Debug|Any CPU
		{0EEA6428-8071-4DBF-A9A9-4E57E7B3CF54}.Debug|Any CPU.ActiveCfg = Debug|Any CPU
		{0EEA6428-8071-4DBF-A9A9-4E57E7B3CF54}.Debug|Any CPU.Build.0 = Debug|Any CPU
		{0EEA6428-8071-4DBF-A9A9-4E57E7B3CF54}.Debug|Any CPU.Deploy.0 = Debug|Any CPU
		{0EEA6428-8071-4DBF-A9A9-4E57E7B3CF54}.Local|Any CPU.ActiveCfg = Debug|Any CPU
		{0EEA6428-8071-4DBF-A9A9-4E57E7B3CF54}.Local|Any CPU.Build.0 = Debug|Any CPU
		{0EEA6428-8071-4DBF-A9A9-4E57E7B3CF54}.Local|Any CPU.Deploy.0 = Debug|Any CPU
		{0EEA6428-8071-4DBF-A9A9-4E57E7B3CF54}.Production|Any CPU.ActiveCfg = Debug|Any CPU
		{0EEA6428-8071-4DBF-A9A9-4E57E7B3CF54}.Production|Any CPU.Build.0 = Debug|Any CPU
		{0EEA6428-8071-4DBF-A9A9-4E57E7B3CF54}.Production|Any CPU.Deploy.0 = Debug|Any CPU
		{0EEA6428-8071-4DBF-A9A9-4E57E7B3CF54}.Regression|Any CPU.ActiveCfg = Release|Any CPU
		{0EEA6428-8071-4DBF-A9A9-4E57E7B3CF54}.Regression|Any CPU.Build.0 = Release|Any CPU
		{0EEA6428-8071-4DBF-A9A9-4E57E7B3CF54}.Regression|Any CPU.Deploy.0 = Release|Any CPU
		{0EEA6428-8071-4DBF-A9A9-4E57E7B3CF54}.Release|Any CPU.ActiveCfg = Release|Any CPU
		{0EEA6428-8071-4DBF-A9A9-4E57E7B3CF54}.Release|Any CPU.Build.0 = Release|Any CPU
		{0EEA6428-8071-4DBF-A9A9-4E57E7B3CF54}.Release|Any CPU.Deploy.0 = Release|Any CPU
		{0EEA6428-8071-4DBF-A9A9-4E57E7B3CF54}.Test|Any CPU.ActiveCfg = Debug|Any CPU
		{0EEA6428-8071-4DBF-A9A9-4E57E7B3CF54}.Test|Any CPU.Build.0 = Debug|Any CPU
		{0EEA6428-8071-4DBF-A9A9-4E57E7B3CF54}.Test|Any CPU.Deploy.0 = Debug|Any CPU
		{9A29ABC8-1BAA-4B35-BAC4-46B52EC91E86}.Beta|Any CPU.ActiveCfg = Release|Any CPU
		{9A29ABC8-1BAA-4B35-BAC4-46B52EC91E86}.Beta|Any CPU.Build.0 = Release|Any CPU
		{9A29ABC8-1BAA-4B35-BAC4-46B52EC91E86}.Debug|Any CPU.ActiveCfg = Debug|Any CPU
		{9A29ABC8-1BAA-4B35-BAC4-46B52EC91E86}.Debug|Any CPU.Build.0 = Debug|Any CPU
		{9A29ABC8-1BAA-4B35-BAC4-46B52EC91E86}.Local|Any CPU.ActiveCfg = Release|Any CPU
		{9A29ABC8-1BAA-4B35-BAC4-46B52EC91E86}.Local|Any CPU.Build.0 = Release|Any CPU
		{9A29ABC8-1BAA-4B35-BAC4-46B52EC91E86}.Production|Any CPU.ActiveCfg = Release|Any CPU
		{9A29ABC8-1BAA-4B35-BAC4-46B52EC91E86}.Production|Any CPU.Build.0 = Release|Any CPU
		{9A29ABC8-1BAA-4B35-BAC4-46B52EC91E86}.Regression|Any CPU.ActiveCfg = Release|Any CPU
		{9A29ABC8-1BAA-4B35-BAC4-46B52EC91E86}.Regression|Any CPU.Build.0 = Release|Any CPU
		{9A29ABC8-1BAA-4B35-BAC4-46B52EC91E86}.Release|Any CPU.ActiveCfg = Release|Any CPU
		{9A29ABC8-1BAA-4B35-BAC4-46B52EC91E86}.Release|Any CPU.Build.0 = Release|Any CPU
		{9A29ABC8-1BAA-4B35-BAC4-46B52EC91E86}.Test|Any CPU.ActiveCfg = Release|Any CPU
		{9A29ABC8-1BAA-4B35-BAC4-46B52EC91E86}.Test|Any CPU.Build.0 = Release|Any CPU
		{A7EC539A-404B-4733-8142-5C4749A25E6B}.Beta|Any CPU.ActiveCfg = Release|Any CPU
		{A7EC539A-404B-4733-8142-5C4749A25E6B}.Beta|Any CPU.Build.0 = Release|Any CPU
		{A7EC539A-404B-4733-8142-5C4749A25E6B}.Debug|Any CPU.ActiveCfg = Debug|Any CPU
		{A7EC539A-404B-4733-8142-5C4749A25E6B}.Debug|Any CPU.Build.0 = Debug|Any CPU
		{A7EC539A-404B-4733-8142-5C4749A25E6B}.Local|Any CPU.ActiveCfg = Release|Any CPU
		{A7EC539A-404B-4733-8142-5C4749A25E6B}.Local|Any CPU.Build.0 = Release|Any CPU
		{A7EC539A-404B-4733-8142-5C4749A25E6B}.Production|Any CPU.ActiveCfg = Release|Any CPU
		{A7EC539A-404B-4733-8142-5C4749A25E6B}.Production|Any CPU.Build.0 = Release|Any CPU
		{A7EC539A-404B-4733-8142-5C4749A25E6B}.Regression|Any CPU.ActiveCfg = Release|Any CPU
		{A7EC539A-404B-4733-8142-5C4749A25E6B}.Regression|Any CPU.Build.0 = Release|Any CPU
		{A7EC539A-404B-4733-8142-5C4749A25E6B}.Release|Any CPU.ActiveCfg = Release|Any CPU
		{A7EC539A-404B-4733-8142-5C4749A25E6B}.Release|Any CPU.Build.0 = Release|Any CPU
		{A7EC539A-404B-4733-8142-5C4749A25E6B}.Test|Any CPU.ActiveCfg = Release|Any CPU
		{A7EC539A-404B-4733-8142-5C4749A25E6B}.Test|Any CPU.Build.0 = Release|Any CPU
		{55C1D43F-637A-418D-95E2-A0A5ACB9774D}.Beta|Any CPU.ActiveCfg = Release|Any CPU
		{55C1D43F-637A-418D-95E2-A0A5ACB9774D}.Beta|Any CPU.Build.0 = Release|Any CPU
		{55C1D43F-637A-418D-95E2-A0A5ACB9774D}.Debug|Any CPU.ActiveCfg = Debug|Any CPU
		{55C1D43F-637A-418D-95E2-A0A5ACB9774D}.Debug|Any CPU.Build.0 = Debug|Any CPU
		{55C1D43F-637A-418D-95E2-A0A5ACB9774D}.Local|Any CPU.ActiveCfg = Release|Any CPU
		{55C1D43F-637A-418D-95E2-A0A5ACB9774D}.Local|Any CPU.Build.0 = Release|Any CPU
		{55C1D43F-637A-418D-95E2-A0A5ACB9774D}.Production|Any CPU.ActiveCfg = Release|Any CPU
		{55C1D43F-637A-418D-95E2-A0A5ACB9774D}.Production|Any CPU.Build.0 = Release|Any CPU
		{55C1D43F-637A-418D-95E2-A0A5ACB9774D}.Regression|Any CPU.ActiveCfg = Release|Any CPU
		{55C1D43F-637A-418D-95E2-A0A5ACB9774D}.Regression|Any CPU.Build.0 = Release|Any CPU
		{55C1D43F-637A-418D-95E2-A0A5ACB9774D}.Release|Any CPU.ActiveCfg = Release|Any CPU
		{55C1D43F-637A-418D-95E2-A0A5ACB9774D}.Release|Any CPU.Build.0 = Release|Any CPU
		{55C1D43F-637A-418D-95E2-A0A5ACB9774D}.Test|Any CPU.ActiveCfg = Release|Any CPU
		{55C1D43F-637A-418D-95E2-A0A5ACB9774D}.Test|Any CPU.Build.0 = Release|Any CPU
		{C4ED4F8A-14F8-4C0D-980E-59BCF3A78C8F}.Beta|Any CPU.ActiveCfg = Release|Any CPU
		{C4ED4F8A-14F8-4C0D-980E-59BCF3A78C8F}.Beta|Any CPU.Build.0 = Release|Any CPU
		{C4ED4F8A-14F8-4C0D-980E-59BCF3A78C8F}.Debug|Any CPU.ActiveCfg = Debug|Any CPU
		{C4ED4F8A-14F8-4C0D-980E-59BCF3A78C8F}.Debug|Any CPU.Build.0 = Debug|Any CPU
		{C4ED4F8A-14F8-4C0D-980E-59BCF3A78C8F}.Local|Any CPU.ActiveCfg = Release|Any CPU
		{C4ED4F8A-14F8-4C0D-980E-59BCF3A78C8F}.Local|Any CPU.Build.0 = Release|Any CPU
		{C4ED4F8A-14F8-4C0D-980E-59BCF3A78C8F}.Production|Any CPU.ActiveCfg = Release|Any CPU
		{C4ED4F8A-14F8-4C0D-980E-59BCF3A78C8F}.Production|Any CPU.Build.0 = Release|Any CPU
		{C4ED4F8A-14F8-4C0D-980E-59BCF3A78C8F}.Regression|Any CPU.ActiveCfg = Release|Any CPU
		{C4ED4F8A-14F8-4C0D-980E-59BCF3A78C8F}.Regression|Any CPU.Build.0 = Release|Any CPU
		{C4ED4F8A-14F8-4C0D-980E-59BCF3A78C8F}.Release|Any CPU.ActiveCfg = Release|Any CPU
		{C4ED4F8A-14F8-4C0D-980E-59BCF3A78C8F}.Release|Any CPU.Build.0 = Release|Any CPU
		{C4ED4F8A-14F8-4C0D-980E-59BCF3A78C8F}.Test|Any CPU.ActiveCfg = Release|Any CPU
		{C4ED4F8A-14F8-4C0D-980E-59BCF3A78C8F}.Test|Any CPU.Build.0 = Release|Any CPU
		{5F0F68E8-2945-4216-A067-25788083DB54}.Beta|Any CPU.ActiveCfg = Release|Any CPU
		{5F0F68E8-2945-4216-A067-25788083DB54}.Beta|Any CPU.Build.0 = Release|Any CPU
		{5F0F68E8-2945-4216-A067-25788083DB54}.Debug|Any CPU.ActiveCfg = Debug|Any CPU
		{5F0F68E8-2945-4216-A067-25788083DB54}.Debug|Any CPU.Build.0 = Debug|Any CPU
		{5F0F68E8-2945-4216-A067-25788083DB54}.Local|Any CPU.ActiveCfg = Release|Any CPU
		{5F0F68E8-2945-4216-A067-25788083DB54}.Local|Any CPU.Build.0 = Release|Any CPU
		{5F0F68E8-2945-4216-A067-25788083DB54}.Production|Any CPU.ActiveCfg = Release|Any CPU
		{5F0F68E8-2945-4216-A067-25788083DB54}.Production|Any CPU.Build.0 = Release|Any CPU
		{5F0F68E8-2945-4216-A067-25788083DB54}.Regression|Any CPU.ActiveCfg = Release|Any CPU
		{5F0F68E8-2945-4216-A067-25788083DB54}.Regression|Any CPU.Build.0 = Release|Any CPU
		{5F0F68E8-2945-4216-A067-25788083DB54}.Release|Any CPU.ActiveCfg = Release|Any CPU
		{5F0F68E8-2945-4216-A067-25788083DB54}.Release|Any CPU.Build.0 = Release|Any CPU
		{5F0F68E8-2945-4216-A067-25788083DB54}.Test|Any CPU.ActiveCfg = Release|Any CPU
		{5F0F68E8-2945-4216-A067-25788083DB54}.Test|Any CPU.Build.0 = Release|Any CPU
		{90559C85-16A2-4144-BE3F-873AA0548399}.Beta|Any CPU.ActiveCfg = Release|Any CPU
		{90559C85-16A2-4144-BE3F-873AA0548399}.Beta|Any CPU.Build.0 = Release|Any CPU
		{90559C85-16A2-4144-BE3F-873AA0548399}.Debug|Any CPU.ActiveCfg = Debug|Any CPU
		{90559C85-16A2-4144-BE3F-873AA0548399}.Debug|Any CPU.Build.0 = Debug|Any CPU
		{90559C85-16A2-4144-BE3F-873AA0548399}.Local|Any CPU.ActiveCfg = Release|Any CPU
		{90559C85-16A2-4144-BE3F-873AA0548399}.Local|Any CPU.Build.0 = Release|Any CPU
		{90559C85-16A2-4144-BE3F-873AA0548399}.Production|Any CPU.ActiveCfg = Release|Any CPU
		{90559C85-16A2-4144-BE3F-873AA0548399}.Production|Any CPU.Build.0 = Release|Any CPU
		{90559C85-16A2-4144-BE3F-873AA0548399}.Regression|Any CPU.ActiveCfg = Release|Any CPU
		{90559C85-16A2-4144-BE3F-873AA0548399}.Regression|Any CPU.Build.0 = Release|Any CPU
		{90559C85-16A2-4144-BE3F-873AA0548399}.Release|Any CPU.ActiveCfg = Release|Any CPU
		{90559C85-16A2-4144-BE3F-873AA0548399}.Release|Any CPU.Build.0 = Release|Any CPU
		{90559C85-16A2-4144-BE3F-873AA0548399}.Test|Any CPU.ActiveCfg = Release|Any CPU
		{90559C85-16A2-4144-BE3F-873AA0548399}.Test|Any CPU.Build.0 = Release|Any CPU
		{4BF2F054-7690-4605-8EE4-4BAC8C692DF0}.Beta|Any CPU.ActiveCfg = Release|Any CPU
		{4BF2F054-7690-4605-8EE4-4BAC8C692DF0}.Beta|Any CPU.Build.0 = Release|Any CPU
		{4BF2F054-7690-4605-8EE4-4BAC8C692DF0}.Debug|Any CPU.ActiveCfg = Debug|Any CPU
		{4BF2F054-7690-4605-8EE4-4BAC8C692DF0}.Debug|Any CPU.Build.0 = Debug|Any CPU
		{4BF2F054-7690-4605-8EE4-4BAC8C692DF0}.Local|Any CPU.ActiveCfg = Release|Any CPU
		{4BF2F054-7690-4605-8EE4-4BAC8C692DF0}.Local|Any CPU.Build.0 = Release|Any CPU
		{4BF2F054-7690-4605-8EE4-4BAC8C692DF0}.Production|Any CPU.ActiveCfg = Release|Any CPU
		{4BF2F054-7690-4605-8EE4-4BAC8C692DF0}.Production|Any CPU.Build.0 = Release|Any CPU
		{4BF2F054-7690-4605-8EE4-4BAC8C692DF0}.Regression|Any CPU.ActiveCfg = Release|Any CPU
		{4BF2F054-7690-4605-8EE4-4BAC8C692DF0}.Regression|Any CPU.Build.0 = Release|Any CPU
		{4BF2F054-7690-4605-8EE4-4BAC8C692DF0}.Release|Any CPU.ActiveCfg = Release|Any CPU
		{4BF2F054-7690-4605-8EE4-4BAC8C692DF0}.Release|Any CPU.Build.0 = Release|Any CPU
		{4BF2F054-7690-4605-8EE4-4BAC8C692DF0}.Test|Any CPU.ActiveCfg = Release|Any CPU
		{4BF2F054-7690-4605-8EE4-4BAC8C692DF0}.Test|Any CPU.Build.0 = Release|Any CPU
		{471C55F5-C659-4DD2-9FF1-61A37099B305}.Beta|Any CPU.ActiveCfg = Release|Any CPU
		{471C55F5-C659-4DD2-9FF1-61A37099B305}.Beta|Any CPU.Build.0 = Release|Any CPU
		{471C55F5-C659-4DD2-9FF1-61A37099B305}.Debug|Any CPU.ActiveCfg = Debug|Any CPU
		{471C55F5-C659-4DD2-9FF1-61A37099B305}.Debug|Any CPU.Build.0 = Debug|Any CPU
		{471C55F5-C659-4DD2-9FF1-61A37099B305}.Local|Any CPU.ActiveCfg = Release|Any CPU
		{471C55F5-C659-4DD2-9FF1-61A37099B305}.Local|Any CPU.Build.0 = Release|Any CPU
		{471C55F5-C659-4DD2-9FF1-61A37099B305}.Production|Any CPU.ActiveCfg = Release|Any CPU
		{471C55F5-C659-4DD2-9FF1-61A37099B305}.Production|Any CPU.Build.0 = Release|Any CPU
		{471C55F5-C659-4DD2-9FF1-61A37099B305}.Regression|Any CPU.ActiveCfg = Release|Any CPU
		{471C55F5-C659-4DD2-9FF1-61A37099B305}.Regression|Any CPU.Build.0 = Release|Any CPU
		{471C55F5-C659-4DD2-9FF1-61A37099B305}.Release|Any CPU.ActiveCfg = Release|Any CPU
		{471C55F5-C659-4DD2-9FF1-61A37099B305}.Release|Any CPU.Build.0 = Release|Any CPU
		{471C55F5-C659-4DD2-9FF1-61A37099B305}.Test|Any CPU.ActiveCfg = Release|Any CPU
		{471C55F5-C659-4DD2-9FF1-61A37099B305}.Test|Any CPU.Build.0 = Release|Any CPU
	EndGlobalSection
	GlobalSection(SolutionProperties) = preSolution
		HideSolutionNode = FALSE
	EndGlobalSection
	GlobalSection(NestedProjects) = preSolution
		{C4B5700E-31AF-4402-8182-847BF3738027} = {68787B5B-4D00-4854-BE13-965E9E77CB73}
		{0EEA6428-8071-4DBF-A9A9-4E57E7B3CF54} = {9829D8DB-82AD-4FC5-9779-C0F520239461}
		{9A29ABC8-1BAA-4B35-BAC4-46B52EC91E86} = {270E3749-6A5E-44DF-9D7D-8C793B0E7D81}
		{A7EC539A-404B-4733-8142-5C4749A25E6B} = {525158B7-6809-456D-897E-4F79FF2E1DD5}
		{55C1D43F-637A-418D-95E2-A0A5ACB9774D} = {525158B7-6809-456D-897E-4F79FF2E1DD5}
		{C4ED4F8A-14F8-4C0D-980E-59BCF3A78C8F} = {BDFAB990-0C1E-402B-B869-111E97670103}
		{5F0F68E8-2945-4216-A067-25788083DB54} = {BDFAB990-0C1E-402B-B869-111E97670103}
		{90559C85-16A2-4144-BE3F-873AA0548399} = {4C51B713-6FC1-4F7B-A250-06C5844B97CA}
		{4BF2F054-7690-4605-8EE4-4BAC8C692DF0} = {4C51B713-6FC1-4F7B-A250-06C5844B97CA}
		{471C55F5-C659-4DD2-9FF1-61A37099B305} = {270E3749-6A5E-44DF-9D7D-8C793B0E7D81}
	EndGlobalSection
EndGlobal
